<Solution>
  <Project Path="src/Shared/Shared.csproj" />
  <Project Path="src/ServiceDefaults/ServiceDefaults.csproj" />
  <Project Path="src/Jira.Client/Jira.Client.csproj" />
  <Project Path="src/Jira.McpServer/Jira.McpServer.csproj" />
  <Folder Name="/src/" />
  <Folder Name="/tests/">
    <Project Path="tests/Web.E2E/Web.E2E.csproj" />
  </Folder>
  <Project Path="src/Agent.Api/Agent.Api.csproj" />
  <Project Path="src/Web/Web.csproj" />
  <Project Path="src/AppHost/AppHost.csproj" />
</Solution>
